
Microsoft Visual Studio Solution File, Format Version 12.00
# Visual Studio 15
VisualStudioVersion = 15.0.28307.168
MinimumVisualStudioVersion = 10.0.40219.1
Project("{FAE04EC0-301F-11D3-BF4B-00C04F79EFBC}") = "MysticSorceress", "MysticSorceress\MysticSorceress.csproj", "{A98F2965-5969-40D3-A6CE-F32624157F69}"
EndProject
Global
	GlobalSection(SolutionConfigurationPlatforms) = preSolution
		Debug|Any CPU = Debug|Any CPU
		Release|Any CPU = Release|Any CPU
	EndGlobalSection
	GlobalSection(ProjectConfigurationPlatforms) = postSolution
		{A98F2965-5969-40D3-A6CE-F32624157F69}.Debug|Any CPU.ActiveCfg = Debug|Any CPU
		{A98F2965-5969-40D3-A6CE-F32624157F69}.Debug|Any CPU.Build.0 = Debug|Any CPU
		{A98F2965-5969-40D3-A6CE-F32624157F69}.Release|Any CPU.ActiveCfg = Release|Any CPU
		{A98F2965-5969-40D3-A6CE-F32624157F69}.Release|Any CPU.Build.0 = Release|Any CPU
	EndGlobalSection
	GlobalSection(SolutionProperties) = preSolution
		HideSolutionNode = FALSE
	EndGlobalSection
	GlobalSection(ExtensibilityGlobals) = postSolution
		SolutionGuid = {222D6ED3-F3F7-4142-80A8-2D6F4925CD31}
	EndGlobalSection
EndGlobal
