
Microsoft Visual Studio Solution File, Format Version 12.00
# Visual Studio 15
VisualStudioVersion = 15.0.28307.168
MinimumVisualStudioVersion = 10.0.40219.1
Project("{FAE04EC0-301F-11D3-BF4B-00C04F79EFBC}") = "MysticSorceress", "MysticSorceress.csproj", "{BF524CF5-57DB-48AF-A1DA-D7D12D224A85}"
EndProject
Global
	GlobalSection(SolutionConfigurationPlatforms) = preSolution
		Debug|Any CPU = Debug|Any CPU
		Release|Any CPU = Release|Any CPU
	EndGlobalSection
	GlobalSection(ProjectConfigurationPlatforms) = postSolution
		{BF524CF5-57DB-48AF-A1DA-D7D12D224A85}.Debug|Any CPU.ActiveCfg = Debug|Any CPU
		{BF524CF5-57DB-48AF-A1DA-D7D12D224A85}.Debug|Any CPU.Build.0 = Debug|Any CPU
		{BF524CF5-57DB-48AF-A1DA-D7D12D224A85}.Release|Any CPU.ActiveCfg = Release|Any CPU
		{BF524CF5-57DB-48AF-A1DA-D7D12D224A85}.Release|Any CPU.Build.0 = Release|Any CPU
	EndGlobalSection
	GlobalSection(SolutionProperties) = preSolution
		HideSolutionNode = FALSE
	EndGlobalSection
	GlobalSection(ExtensibilityGlobals) = postSolution
		SolutionGuid = {2DC9CA28-69AD-4B33-98D0-77252FBC6B7E}
	EndGlobalSection
EndGlobal
